
Microsoft Visual Studio Solution File, Format Version 12.00
# Visual Studio Version 16
VisualStudioVersion = 16.0.32630.194
MinimumVisualStudioVersion = 10.0.40219.1
Project("{FAE04EC0-301F-11D3-BF4B-00C04F79EFBC}") = "1-3.5 字符串格式化技巧", "1-3.5 字符串格式化技巧\1-3.5 字符串格式化技巧.csproj", "{415644B8-C653-4978-AD7C-E6BD896699AB}"
EndProject
Global
	GlobalSection(SolutionConfigurationPlatforms) = preSolution
		Debug|Any CPU = Debug|Any CPU
		Release|Any CPU = Release|Any CPU
	EndGlobalSection
	GlobalSection(ProjectConfigurationPlatforms) = postSolution
		{415644B8-C653-4978-AD7C-E6BD896699AB}.Debug|Any CPU.ActiveCfg = Debug|Any CPU
		{415644B8-C653-4978-AD7C-E6BD896699AB}.Debug|Any CPU.Build.0 = Debug|Any CPU
		{415644B8-C653-4978-AD7C-E6BD896699AB}.Release|Any CPU.ActiveCfg = Release|Any CPU
		{415644B8-C653-4978-AD7C-E6BD896699AB}.Release|Any CPU.Build.0 = Release|Any CPU
	EndGlobalSection
	GlobalSection(SolutionProperties) = preSolution
		HideSolutionNode = FALSE
	EndGlobalSection
	GlobalSection(ExtensibilityGlobals) = postSolution
		SolutionGuid = {468EDD66-FF0B-46FD-8A0B-7E1D1CDA8CF7}
	EndGlobalSection
EndGlobal
